
Microsoft Visual Studio Solution File, Format Version 12.00
# Visual Studio Version 16
VisualStudioVersion = 16.0.30804.86
MinimumVisualStudioVersion = 10.0.40219.1
Project("{FAE04EC0-301F-11D3-BF4B-00C04F79EFBC}") = "AlgorithmVisualizationTool", "AlgorithmVisualizationTool\AlgorithmVisualizationTool.csproj", "{317DDAB0-423E-48CD-8749-5FA3B6751914}"
EndProject
Project("{FAE04EC0-301F-11D3-BF4B-00C04F79EFBC}") = "GraphAlgorithmPlugin", "GraphAlgorithmPlugin\GraphAlgorithmPlugin.csproj", "{89DD9E1F-C38D-4F4B-9FF2-93F5CB37E3DD}"
EndProject
Project("{FAE04EC0-301F-11D3-BF4B-00C04F79EFBC}") = "DFSPlugin", "DFSPlugin\DFSPlugin.csproj", "{821D0601-9288-4A5B-BED3-9354BF119FB2}"
EndProject
Project("{FAE04EC0-301F-11D3-BF4B-00C04F79EFBC}") = "StrongConnectedComponentsPlugin", "StrongConnectedComponentsPlugin\StrongConnectedComponentsPlugin.csproj", "{315062D2-5013-4163-9209-DB43B75DF0D0}"
EndProject
Global
	GlobalSection(SolutionConfigurationPlatforms) = preSolution
		Debug|Any CPU = Debug|Any CPU
		Release|Any CPU = Release|Any CPU
	EndGlobalSection
	GlobalSection(ProjectConfigurationPlatforms) = postSolution
		{317DDAB0-423E-48CD-8749-5FA3B6751914}.Debug|Any CPU.ActiveCfg = Debug|Any CPU
		{317DDAB0-423E-48CD-8749-5FA3B6751914}.Debug|Any CPU.Build.0 = Debug|Any CPU
		{317DDAB0-423E-48CD-8749-5FA3B6751914}.Release|Any CPU.ActiveCfg = Release|Any CPU
		{317DDAB0-423E-48CD-8749-5FA3B6751914}.Release|Any CPU.Build.0 = Release|Any CPU
		{89DD9E1F-C38D-4F4B-9FF2-93F5CB37E3DD}.Debug|Any CPU.ActiveCfg = Debug|Any CPU
		{89DD9E1F-C38D-4F4B-9FF2-93F5CB37E3DD}.Debug|Any CPU.Build.0 = Debug|Any CPU
		{89DD9E1F-C38D-4F4B-9FF2-93F5CB37E3DD}.Release|Any CPU.ActiveCfg = Release|Any CPU
		{89DD9E1F-C38D-4F4B-9FF2-93F5CB37E3DD}.Release|Any CPU.Build.0 = Release|Any CPU
		{821D0601-9288-4A5B-BED3-9354BF119FB2}.Debug|Any CPU.ActiveCfg = Debug|Any CPU
		{821D0601-9288-4A5B-BED3-9354BF119FB2}.Debug|Any CPU.Build.0 = Debug|Any CPU
		{821D0601-9288-4A5B-BED3-9354BF119FB2}.Release|Any CPU.ActiveCfg = Release|Any CPU
		{821D0601-9288-4A5B-BED3-9354BF119FB2}.Release|Any CPU.Build.0 = Release|Any CPU
		{315062D2-5013-4163-9209-DB43B75DF0D0}.Debug|Any CPU.ActiveCfg = Debug|Any CPU
		{315062D2-5013-4163-9209-DB43B75DF0D0}.Debug|Any CPU.Build.0 = Debug|Any CPU
		{315062D2-5013-4163-9209-DB43B75DF0D0}.Release|Any CPU.ActiveCfg = Release|Any CPU
		{315062D2-5013-4163-9209-DB43B75DF0D0}.Release|Any CPU.Build.0 = Release|Any CPU
	EndGlobalSection
	GlobalSection(SolutionProperties) = preSolution
		HideSolutionNode = FALSE
	EndGlobalSection
	GlobalSection(ExtensibilityGlobals) = postSolution
		SolutionGuid = {516FD7FF-1C24-4C55-9ED1-5D4BC3E2EFF1}
	EndGlobalSection
EndGlobal
